
Microsoft Visual Studio Solution File, Format Version 12.00
# Visual Studio 2013
VisualStudioVersion = 12.0.21005.1
MinimumVisualStudioVersion = 10.0.40219.1
Project("{FAE04EC0-301F-11D3-BF4B-00C04F79EFBC}") = "MediaManager", "MediaManager\MediaManager.csproj", "{22FC2E36-C432-4B10-A12D-5A964BEAC9B6}"
EndProject
Project("{FAE04EC0-301F-11D3-BF4B-00C04F79EFBC}") = "MediaManager.Scanner", "MediaManager.Scanner\MediaManager.Scanner.csproj", "{8CFA07E7-83D7-4485-A8B3-FB10CC9DFADE}"
EndProject
Project("{FAE04EC0-301F-11D3-BF4B-00C04F79EFBC}") = "MediaManager.Models", "MediaManager.Models\MediaManager.Models.csproj", "{D7534556-E840-43A2-8473-3E7CC771484E}"
EndProject
Project("{FAE04EC0-301F-11D3-BF4B-00C04F79EFBC}") = "MediaManager.Library", "MediaManager.Library\MediaManager.Library.csproj", "{4B8029C2-8B81-41FA-9561-7C5E12FCB406}"
EndProject
Global
	GlobalSection(SolutionConfigurationPlatforms) = preSolution
		Debug|Any CPU = Debug|Any CPU
		Release|Any CPU = Release|Any CPU
	EndGlobalSection
	GlobalSection(ProjectConfigurationPlatforms) = postSolution
		{22FC2E36-C432-4B10-A12D-5A964BEAC9B6}.Debug|Any CPU.ActiveCfg = Debug|Any CPU
		{22FC2E36-C432-4B10-A12D-5A964BEAC9B6}.Debug|Any CPU.Build.0 = Debug|Any CPU
		{22FC2E36-C432-4B10-A12D-5A964BEAC9B6}.Release|Any CPU.ActiveCfg = Release|Any CPU
		{22FC2E36-C432-4B10-A12D-5A964BEAC9B6}.Release|Any CPU.Build.0 = Release|Any CPU
		{8CFA07E7-83D7-4485-A8B3-FB10CC9DFADE}.Debug|Any CPU.ActiveCfg = Debug|Any CPU
		{8CFA07E7-83D7-4485-A8B3-FB10CC9DFADE}.Debug|Any CPU.Build.0 = Debug|Any CPU
		{8CFA07E7-83D7-4485-A8B3-FB10CC9DFADE}.Release|Any CPU.ActiveCfg = Release|Any CPU
		{8CFA07E7-83D7-4485-A8B3-FB10CC9DFADE}.Release|Any CPU.Build.0 = Release|Any CPU
		{D7534556-E840-43A2-8473-3E7CC771484E}.Debug|Any CPU.ActiveCfg = Debug|Any CPU
		{D7534556-E840-43A2-8473-3E7CC771484E}.Debug|Any CPU.Build.0 = Debug|Any CPU
		{D7534556-E840-43A2-8473-3E7CC771484E}.Release|Any CPU.ActiveCfg = Release|Any CPU
		{D7534556-E840-43A2-8473-3E7CC771484E}.Release|Any CPU.Build.0 = Release|Any CPU
		{4B8029C2-8B81-41FA-9561-7C5E12FCB406}.Debug|Any CPU.ActiveCfg = Debug|Any CPU
		{4B8029C2-8B81-41FA-9561-7C5E12FCB406}.Debug|Any CPU.Build.0 = Debug|Any CPU
		{4B8029C2-8B81-41FA-9561-7C5E12FCB406}.Release|Any CPU.ActiveCfg = Release|Any CPU
		{4B8029C2-8B81-41FA-9561-7C5E12FCB406}.Release|Any CPU.Build.0 = Release|Any CPU
	EndGlobalSection
	GlobalSection(SolutionProperties) = preSolution
		HideSolutionNode = FALSE
	EndGlobalSection
EndGlobal
